
Microsoft Visual Studio Solution File, Format Version 12.00
# Visual Studio Version 17
VisualStudioVersion = 17.9.34622.214
MinimumVisualStudioVersion = 10.0.40219.1
Project("{FAE04EC0-301F-11D3-BF4B-00C04F79EFBC}") = "PB503DataTypes", "PB503DataTypes\PB503DataTypes.csproj", "{0FBA942C-68F5-4D7A-AE96-38605F9DAC5F}"
EndProject
Global
	GlobalSection(SolutionConfigurationPlatforms) = preSolution
		Debug|Any CPU = Debug|Any CPU
		Release|Any CPU = Release|Any CPU
	EndGlobalSection
	GlobalSection(ProjectConfigurationPlatforms) = postSolution
		{0FBA942C-68F5-4D7A-AE96-38605F9DAC5F}.Debug|Any CPU.ActiveCfg = Debug|Any CPU
		{0FBA942C-68F5-4D7A-AE96-38605F9DAC5F}.Debug|Any CPU.Build.0 = Debug|Any CPU
		{0FBA942C-68F5-4D7A-AE96-38605F9DAC5F}.Release|Any CPU.ActiveCfg = Release|Any CPU
		{0FBA942C-68F5-4D7A-AE96-38605F9DAC5F}.Release|Any CPU.Build.0 = Release|Any CPU
	EndGlobalSection
	GlobalSection(SolutionProperties) = preSolution
		HideSolutionNode = FALSE
	EndGlobalSection
	GlobalSection(ExtensibilityGlobals) = postSolution
		SolutionGuid = {89E3CC55-5124-40DD-AC27-ADFCDEFEA32C}
	EndGlobalSection
EndGlobal
